{
  "name": "insomnia-plugin-request",
  "version": "1.0.25",
  "lockfileVersion": 1,
  "requires": true,
  "dependencies": {
    "insomnia-cookies": {
      "version": "0.0.18",
      "resolved": "https://artifactory.workday.com/artifactory/api/npm/npm-virtual/insomnia-cookies/-/insomnia-cookies-0.0.18.tgz",
      "integrity": "sha1-9TMszUJHI2dHc4Odbiuuf00QLsk=",
      "requires": {
        "tough-cookie": "^2.3.3"
      }
    },
    "insomnia-url": {
      "version": "0.1.11",
      "resolved": "https://artifactory.workday.com/artifactory/api/npm/npm-virtual/insomnia-url/-/insomnia-url-0.1.11.tgz",
      "integrity": "sha1-9LoGYYfW7b22KEwYtudSjieYuA8="
    },
    "psl": {
      "version": "1.4.0",
      "resolved": "https://artifactory.workday.com/artifactory/api/npm/npm-virtual/psl/-/psl-1.4.0.tgz",
      "integrity": "sha1-XdJhVs22n6H9uKsZkWZ9P4DO18I="
    },
    "punycode": {
      "version": "2.1.1",
      "resolved": "https://artifactory.workday.com/artifactory/api/npm/npm-virtual/punycode/-/punycode-2.1.1.tgz",
      "integrity": "sha1-tYsBCsQMIsVldhbI0sLALHv0eew="
    },
    "tough-cookie": {
      "version": "2.5.0",
      "resolved": "https://artifactory.workday.com/artifactory/api/npm/npm-virtual/tough-cookie/-/tough-cookie-2.5.0.tgz",
      "integrity": "sha1-zZ+yoKodWhK0c72fuW+j3P9lreI=",
      "requires": {
        "psl": "^1.1.28",
        "punycode": "^2.1.1"
      }
    }
  }
}
